{
    "name": "ramp-haptics",
    "version": "1.0.0",
    "lockfileVersion": 3,
    "requires": true,
    "packages": {
        "": {
            "name": "ramp-haptics",
            "version": "1.0.0",
            "dependencies": {
                "flocking": "3.0.1"
            }
        },
        "node_modules/codemirror": {
            "version": "5.65.3",
            "resolved": "https://registry.npmjs.org/codemirror/-/codemirror-5.65.3.tgz",
            "integrity": "sha512-kCC0iwGZOVZXHEKW3NDTObvM7pTIyowjty4BUqeREROc/3I6bWbgZDA3fGDwlA+rbgRjvnRnfqs9SfXynel1AQ==",
            "license": "MIT"
        },
        "node_modules/codemirror-infusion": {
            "version": "2.4.1",
            "resolved": "https://registry.npmjs.org/codemirror-infusion/-/codemirror-infusion-2.4.1.tgz",
            "integrity": "sha512-Yzn3K4SlxCrGaKCiXrXhQYC8PDSunG6FbeiDZcwKItib9hRqzLwN5yWMgjXCzVDJWyjQwMWf1qf2gW+PjsdSbw==",
            "license": "(BSD-3-Clause OR ECL-2.0)",
            "dependencies": {
                "codemirror": "5.65.3",
                "infusion": "3.0.0",
                "jquery": "3.6.0",
                "json5": "2.2.1"
            }
        },
        "node_modules/dagre": {
            "version": "0.8.5",
            "resolved": "https://registry.npmjs.org/dagre/-/dagre-0.8.5.tgz",
            "integrity": "sha512-/aTqmnRta7x7MCCpExk7HQL2O4owCT2h8NT//9I1OQ9vt29Pa0BzSAkR5lwFUcQ7491yVi/3CXU9jQ5o0Mn2Sw==",
            "license": "MIT",
            "dependencies": {
                "graphlib": "^2.1.8",
                "lodash": "^4.17.15"
            }
        },
        "node_modules/flocking": {
            "version": "3.0.1",
            "resolved": "https://registry.npmjs.org/flocking/-/flocking-3.0.1.tgz",
            "integrity": "sha512-17nIvy9UqbA8rnLeZ7nmEhAPmG7Mr/yV4+nYKzI+yfvu6LLQDjwTQoAq7ny6PuGXQvpBERbBQq25xKI+pwZU/w==",
            "license": "(MIT OR GPL-2.0)",
            "dependencies": {
                "codemirror-infusion": "2.4.1",
                "dagre": "0.8.5",
                "infusion": "3.0.0",
                "jquery": "3.6.0",
                "jsplumb": "1.7.9",
                "normalize.css": "8.0.1"
            }
        },
        "node_modules/fluid-resolve": {
            "version": "1.3.0",
            "resolved": "https://registry.npmjs.org/fluid-resolve/-/fluid-resolve-1.3.0.tgz",
            "integrity": "sha512-i4IGQuVKN9/6iKCXiHYpWqSu77vaNYyZ0DhUKuCuuLLmOtb2rf1XOar8RvGYieP8i31Lh8ZJ1W7nLsFbB9TI3A==",
            "license": "MIT"
        },
        "node_modules/graphlib": {
            "version": "2.1.8",
            "resolved": "https://registry.npmjs.org/graphlib/-/graphlib-2.1.8.tgz",
            "integrity": "sha512-jcLLfkpoVGmH7/InMC/1hIvOPSUh38oJtGhvrOFGzioE1DZ+0YW16RgmOJhHiuWTvGiJQ9Z1Ik43JvkRPRvE+A==",
            "license": "MIT",
            "dependencies": {
                "lodash": "^4.17.15"
            }
        },
        "node_modules/infusion": {
            "version": "3.0.0",
            "resolved": "https://registry.npmjs.org/infusion/-/infusion-3.0.0.tgz",
            "integrity": "sha512-6I4rh129d1lIGO3dzsd+Bnu0kLx+WUWnA9w7tu2dBwTuTQtK3qt7fITp6jm0CmM6iyHYXqH1hZ6aYks1tq1CoQ==",
            "license": "(BSD-3-Clause OR ECL-2.0)",
            "dependencies": {
                "fluid-resolve": "1.3.0"
            },
            "engines": {
                "node": ">=12"
            }
        },
        "node_modules/jquery": {
            "version": "3.6.0",
            "resolved": "https://registry.npmjs.org/jquery/-/jquery-3.6.0.tgz",
            "integrity": "sha512-JVzAR/AjBvVt2BmYhxRCSYysDsPcssdmTFnzyLEts9qNwmjmu4JTAMYubEfwVOSwpQ1I1sKKFcxhZCI2buerfw==",
            "license": "MIT"
        },
        "node_modules/json5": {
            "version": "2.2.1",
            "resolved": "https://registry.npmjs.org/json5/-/json5-2.2.1.tgz",
            "integrity": "sha512-1hqLFMSrGHRHxav9q9gNjJ5EXznIxGVO09xQRrwplcS8qs28pZ8s8hupZAmqDwZUmVZ2Qb2jnyPOWcDH8m8dlA==",
            "license": "MIT",
            "bin": {
                "json5": "lib/cli.js"
            },
            "engines": {
                "node": ">=6"
            }
        },
        "node_modules/jsplumb": {
            "version": "1.7.9",
            "resolved": "https://registry.npmjs.org/jsplumb/-/jsplumb-1.7.9.tgz",
            "integrity": "sha512-OmyeKgjRkhUd/w7m+02T47POVKSn2XDnLiWJAHw5gOOIh7xc5cA1qMp1/B9G2aqS5lDcd4X2laCgH3nWyatp7g==",
            "license": "MIT/GPL2"
        },
        "node_modules/lodash": {
            "version": "4.17.21",
            "resolved": "https://registry.npmjs.org/lodash/-/lodash-4.17.21.tgz",
            "integrity": "sha512-v2kDEe57lecTulaDIuNTPy3Ry4gLGJ6Z1O3vE1krgXZNrsQ+LFTGHVxVjcXPs17LhbZVGedAJv8XZ1tvj5FvSg==",
            "license": "MIT"
        },
        "node_modules/normalize.css": {
            "version": "8.0.1",
            "resolved": "https://registry.npmjs.org/normalize.css/-/normalize.css-8.0.1.tgz",
            "integrity": "sha512-qizSNPO93t1YUuUhP22btGOo3chcvDFqFaj2TRybP0DMxkHOCTYwp3n34fel4a31ORXy4m1Xq0Gyqpb5m33qIg==",
            "license": "MIT"
        }
    }
}
